PODS:
  - RxCombine (1.2.0):
    - RxRelay (~> 5)
    - RxSwift (~> 5)
  - RxRelay (5.0.0):
    - RxSwift (~> 5)
  - RxSwift (5.0.0)

DEPENDENCIES:
  - RxCombine (from `../`)

SPEC REPOS:
  https://github.com/cocoapods/specs.git:
    - RxRelay
    - RxSwift

EXTERNAL SOURCES:
  RxCombine:
    :path: "../"

SPEC CHECKSUMS:
  RxCombine: 049c9adb0d0aef07c3f299502c1e43520fe5d580
  RxRelay: 4f7409406a51a55cd88483f21ed898c234d60f18
  RxSwift: 8b0671caa829a763bbce7271095859121cbd895f

PODFILE CHECKSUM: 27ab59783b75a3dbb4fec21bad1cf7a4348abaa3

COCOAPODS: 1.7.5
