PODS:
  - RxCombine (1.5.0):
    - RxRelay (~> 5)
    - RxSwift (~> 5)
  - RxRelay (5.1.0):
    - RxSwift (~> 5)
  - RxSwift (5.1.0)

DEPENDENCIES:
  - RxCombine (from `../`)

SPEC REPOS:
  trunk:
    - RxRelay
    - RxSwift

EXTERNAL SOURCES:
  RxCombine:
    :path: "../"

SPEC CHECKSUMS:
  RxCombine: 925daa294863a3be0eea14febad34eaa138e16e2
  RxRelay: a168bd6caf712d00c676ac344e9295afc93b418e
  RxSwift: ad5874f24bb0dbffd1e9bb8443604e3578796c7a

PODFILE CHECKSUM: 27ab59783b75a3dbb4fec21bad1cf7a4348abaa3

COCOAPODS: 1.9.0
